
Microsoft Visual Studio Solution File, Format Version 12.00
# Visual Studio 15
VisualStudioVersion = 15.0.27428.1
MinimumVisualStudioVersion = 10.0.40219.1
Project("{FAE04EC0-301F-11D3-BF4B-00C04F79EFBC}") = "LaunchDarklyDotNetCoreMvcExample", "LaunchDarklyDotNetCoreMvcExample\LaunchDarklyDotNetCoreMvcExample.csproj", "{C16D14CE-76A5-42C2-A0C4-72F3B0CFF594}"
EndProject
Global
	GlobalSection(SolutionConfigurationPlatforms) = preSolution
		Debug|Any CPU = Debug|Any CPU
		Release|Any CPU = Release|Any CPU
	EndGlobalSection
	GlobalSection(ProjectConfigurationPlatforms) = postSolution
		{C16D14CE-76A5-42C2-A0C4-72F3B0CFF594}.Debug|Any CPU.ActiveCfg = Debug|Any CPU
		{C16D14CE-76A5-42C2-A0C4-72F3B0CFF594}.Debug|Any CPU.Build.0 = Debug|Any CPU
		{C16D14CE-76A5-42C2-A0C4-72F3B0CFF594}.Release|Any CPU.ActiveCfg = Release|Any CPU
		{C16D14CE-76A5-42C2-A0C4-72F3B0CFF594}.Release|Any CPU.Build.0 = Release|Any CPU
	EndGlobalSection
	GlobalSection(SolutionProperties) = preSolution
		HideSolutionNode = FALSE
	EndGlobalSection
	GlobalSection(ExtensibilityGlobals) = postSolution
		SolutionGuid = {081E0E8F-91E3-4E2C-B71A-6413636D0715}
	EndGlobalSection
EndGlobal
